
Microsoft Visual Studio Solution File, Format Version 12.00
# Visual Studio Version 17
VisualStudioVersion = 17.12.35527.113
MinimumVisualStudioVersion = 10.0.40219.1
Project("{FAE04EC0-301F-11D3-BF4B-00C04F79EFBC}") = "ImportApp", "src\V1\ImportApp\ImportApp.csproj", "{15030970-45CE-4D16-8CC3-6646B0FB1DF3}"
EndProject
Global
	GlobalSection(SolutionConfigurationPlatforms) = preSolution
		Debug|Any CPU = Debug|Any CPU
		Release|Any CPU = Release|Any CPU
	EndGlobalSection
	GlobalSection(ProjectConfigurationPlatforms) = postSolution
		{15030970-45CE-4D16-8CC3-6646B0FB1DF3}.Debug|Any CPU.ActiveCfg = Debug|Any CPU
		{15030970-45CE-4D16-8CC3-6646B0FB1DF3}.Debug|Any CPU.Build.0 = Debug|Any CPU
		{15030970-45CE-4D16-8CC3-6646B0FB1DF3}.Release|Any CPU.ActiveCfg = Release|Any CPU
		{15030970-45CE-4D16-8CC3-6646B0FB1DF3}.Release|Any CPU.Build.0 = Release|Any CPU
	EndGlobalSection
	GlobalSection(SolutionProperties) = preSolution
		HideSolutionNode = FALSE
	EndGlobalSection
EndGlobal
